// !$*UTF8*$!
{
	archiveVersion = 1;
	classes = {
	};
	objectVersion = 46;
	objects = {

/* Begin PBXBuildFile section */
		05C395741BB6FF5900C82834 /* History.swift in Sources */ = {isa = PBXBuildFile; fileRef = 05C395731BB6FF5900C82834 /* History.swift */; settings = {ASSET_TAGS = (); }; };
		05C395761BB6FF7A00C82834 /* WorkoutHistory.swift in Sources */ = {isa = PBXBuildFile; fileRef = 05C395751BB6FF7A00C82834 /* WorkoutHistory.swift */; settings = {ASSET_TAGS = (); }; };
		5999BB291BB645FB002D31C8 /* AppDelegate.swift in Sources */ = {isa = PBXBuildFile; fileRef = 5999BB281BB645FB002D31C8 /* AppDelegate.swift */; };
		5999BB2E1BB645FB002D31C8 /* Main.storyboard in Resources */ = {isa = PBXBuildFile; fileRef = 5999BB2C1BB645FB002D31C8 /* Main.storyboard */; };
		5999BB301BB645FB002D31C8 /* Assets.xcassets in Resources */ = {isa = PBXBuildFile; fileRef = 5999BB2F1BB645FB002D31C8 /* Assets.xcassets */; };
		5999BB331BB645FB002D31C8 /* LaunchScreen.storyboard in Resources */ = {isa = PBXBuildFile; fileRef = 5999BB311BB645FB002D31C8 /* LaunchScreen.storyboard */; };
		5999BB3E1BB645FB002D31C8 /* MyoFitnessTests.swift in Sources */ = {isa = PBXBuildFile; fileRef = 5999BB3D1BB645FB002D31C8 /* MyoFitnessTests.swift */; };
		5999BB491BB645FB002D31C8 /* MyoFitnessUITests.swift in Sources */ = {isa = PBXBuildFile; fileRef = 5999BB481BB645FB002D31C8 /* MyoFitnessUITests.swift */; };
		5999BB571BB64CCA002D31C8 /* OverviewTableViewController.swift in Sources */ = {isa = PBXBuildFile; fileRef = 5999BB561BB64CCA002D31C8 /* OverviewTableViewController.swift */; settings = {ASSET_TAGS = (); }; };
		5999BB591BB64D57002D31C8 /* WorkoutTableViewController.swift in Sources */ = {isa = PBXBuildFile; fileRef = 5999BB581BB64D57002D31C8 /* WorkoutTableViewController.swift */; settings = {ASSET_TAGS = (); }; };
		5999BB5B1BB64F32002D31C8 /* WorkoutList.swift in Sources */ = {isa = PBXBuildFile; fileRef = 5999BB5A1BB64F32002D31C8 /* WorkoutList.swift */; settings = {ASSET_TAGS = (); }; };
		5999BB611BB66808002D31C8 /* Workout.swift in Sources */ = {isa = PBXBuildFile; fileRef = 5999BB601BB66808002D31C8 /* Workout.swift */; settings = {ASSET_TAGS = (); }; };
/* End PBXBuildFile section */

/* Begin PBXContainerItemProxy section */
		5999BB3A1BB645FB002D31C8 /* PBXContainerItemProxy */ = {
			isa = PBXContainerItemProxy;
			containerPortal = 5999BB1D1BB645FB002D31C8 /* Project object */;
			proxyType = 1;
			remoteGlobalIDString = 5999BB241BB645FB002D31C8;
			remoteInfo = MyoFitness;
		};
		5999BB451BB645FB002D31C8 /* PBXContainerItemProxy */ = {
			isa = PBXContainerItemProxy;
			containerPortal = 5999BB1D1BB645FB002D31C8 /* Project object */;
			proxyType = 1;
			remoteGlobalIDString = 5999BB241BB645FB002D31C8;
			remoteInfo = MyoFitness;
		};
/* End PBXContainerItemProxy section */

/* Begin PBXFileReference section */
		05C395731BB6FF5900C82834 /* History.swift */ = {isa = PBXFileReference; fileEncoding = 4; lastKnownFileType = sourcecode.swift; path = History.swift; sourceTree = "<group>"; };
		05C395751BB6FF7A00C82834 /* WorkoutHistory.swift */ = {isa = PBXFileReference; fileEncoding = 4; lastKnownFileType = sourcecode.swift; path = WorkoutHistory.swift; sourceTree = "<group>"; };
		5999BB251BB645FB002D31C8 /* MyoFitness.app */ = {isa = PBXFileReference; explicitFileType = wrapper.application; includeInIndex = 0; path = MyoFitness.app; sourceTree = BUILT_PRODUCTS_DIR; };
		5999BB281BB645FB002D31C8 /* AppDelegate.swift */ = {isa = PBXFileReference; lastKnownFileType = sourcecode.swift; path = AppDelegate.swift; sourceTree = "<group>"; };
		5999BB2D1BB645FB002D31C8 /* Base */ = {isa = PBXFileReference; lastKnownFileType = file.storyboard; name = Base; path = Base.lproj/Main.storyboard; sourceTree = "<group>"; };
		5999BB2F1BB645FB002D31C8 /* Assets.xcassets */ = {isa = PBXFileReference; lastKnownFileType = folder.assetcatalog; path = Assets.xcassets; sourceTree = "<group>"; };
		5999BB321BB645FB002D31C8 /* Base */ = {isa = PBXFileReference; lastKnownFileType = file.storyboard; name = Base; path = Base.lproj/LaunchScreen.storyboard; sourceTree = "<group>"; };
		5999BB341BB645FB002D31C8 /* Info.plist */ = {isa = PBXFileReference; lastKnownFileType = text.plist.xml; path = Info.plist; sourceTree = "<group>"; };
		5999BB391BB645FB002D31C8 /* MyoFitnessTests.xctest */ = {isa = PBXFileReference; explicitFileType = wrapper.cfbundle; includeInIndex = 0; path = MyoFitnessTests.xctest; sourceTree = BUILT_PRODUCTS_DIR; };
		5999BB3D1BB645FB002D31C8 /* MyoFitnessTests.swift */ = {isa = PBXFileReference; lastKnownFileType = sourcecode.swift; path = MyoFitnessTests.swift; sourceTree = "<group>"; };
		5999BB3F1BB645FB002D31C8 /* Info.plist */ = {isa = PBXFileReference; lastKnownFileType = text.plist.xml; path = Info.plist; sourceTree = "<group>"; };
		5999BB441BB645FB002D31C8 /* MyoFitnessUITests.xctest */ = {isa = PBXFileReference; explicitFileType = wrapper.cfbundle; includeInIndex = 0; path = MyoFitnessUITests.xctest; sourceTree = BUILT_PRODUCTS_DIR; };
		5999BB481BB645FB002D31C8 /* MyoFitnessUITests.swift */ = {isa = PBXFileReference; lastKnownFileType = sourcecode.swift; path = MyoFitnessUITests.swift; sourceTree = "<group>"; };
		5999BB4A1BB645FB002D31C8 /* Info.plist */ = {isa = PBXFileReference; lastKnownFileType = text.plist.xml; path = Info.plist; sourceTree = "<group>"; };
		5999BB561BB64CCA002D31C8 /* OverviewTableViewController.swift */ = {isa = PBXFileReference; fileEncoding = 4; lastKnownFileType = sourcecode.swift; name = OverviewTableViewController.swift; path = ../OverviewTableViewController.swift; sourceTree = "<group>"; };
		5999BB581BB64D57002D31C8 /* WorkoutTableViewController.swift */ = {isa = PBXFileReference; fileEncoding = 4; lastKnownFileType = sourcecode.swift; path = WorkoutTableViewController.swift; sourceTree = "<group>"; };
		5999BB5A1BB64F32002D31C8 /* WorkoutList.swift */ = {isa = PBXFileReference; fileEncoding = 4; lastKnownFileType = sourcecode.swift; path = WorkoutList.swift; sourceTree = "<group>"; };
		5999BB601BB66808002D31C8 /* Workout.swift */ = {isa = PBXFileReference; fileEncoding = 4; lastKnownFileType = sourcecode.swift; path = Workout.swift; sourceTree = "<group>"; };
/* End PBXFileReference section */

/* Begin PBXFrameworksBuildPhase section */
		5999BB221BB645FB002D31C8 /* Frameworks */ = {
			isa = PBXFrameworksBuildPhase;
			buildActionMask = 2147483647;
			files = (
			);
			runOnlyForDeploymentPostprocessing = 0;
		};
		5999BB361BB645FB002D31C8 /* Frameworks */ = {
			isa = PBXFrameworksBuildPhase;
			buildActionMask = 2147483647;
			files = (
			);
			runOnlyForDeploymentPostprocessing = 0;
		};
		5999BB411BB645FB002D31C8 /* Frameworks */ = {
			isa = PBXFrameworksBuildPhase;
			buildActionMask = 2147483647;
			files = (
			);
			runOnlyForDeploymentPostprocessing = 0;
		};
/* End PBXFrameworksBuildPhase section */

/* Begin PBXGroup section */
		5999BB1C1BB645FB002D31C8 = {
			isa = PBXGroup;
			children = (
				5999BB271BB645FB002D31C8 /* MyoFitness */,
				5999BB3C1BB645FB002D31C8 /* MyoFitnessTests */,
				5999BB471BB645FB002D31C8 /* MyoFitnessUITests */,
				5999BB261BB645FB002D31C8 /* Products */,
			);
			sourceTree = "<group>";
		};
		5999BB261BB645FB002D31C8 /* Products */ = {
			isa = PBXGroup;
			children = (
				5999BB251BB645FB002D31C8 /* MyoFitness.app */,
				5999BB391BB645FB002D31C8 /* MyoFitnessTests.xctest */,
				5999BB441BB645FB002D31C8 /* MyoFitnessUITests.xctest */,
			);
			name = Products;
			sourceTree = "<group>";
		};
		5999BB271BB645FB002D31C8 /* MyoFitness */ = {
			isa = PBXGroup;
			children = (
				5999BB561BB64CCA002D31C8 /* OverviewTableViewController.swift */,
				5999BB281BB645FB002D31C8 /* AppDelegate.swift */,
				5999BB2C1BB645FB002D31C8 /* Main.storyboard */,
				5999BB5A1BB64F32002D31C8 /* WorkoutList.swift */,
				5999BB601BB66808002D31C8 /* Workout.swift */,
				5999BB581BB64D57002D31C8 /* WorkoutTableViewController.swift */,
				05C395731BB6FF5900C82834 /* History.swift */,
				05C395751BB6FF7A00C82834 /* WorkoutHistory.swift */,
				5999BB2F1BB645FB002D31C8 /* Assets.xcassets */,
				5999BB311BB645FB002D31C8 /* LaunchScreen.storyboard */,
				5999BB341BB645FB002D31C8 /* Info.plist */,
			);
			path = MyoFitness;
			sourceTree = "<group>";
		};
		5999BB3C1BB645FB002D31C8 /* MyoFitnessTests */ = {
			isa = PBXGroup;
			children = (
				5999BB3D1BB645FB002D31C8 /* MyoFitnessTests.swift */,
				5999BB3F1BB645FB002D31C8 /* Info.plist */,
			);
			path = MyoFitnessTests;
			sourceTree = "<group>";
		};
		5999BB471BB645FB002D31C8 /* MyoFitnessUITests */ = {
			isa = PBXGroup;
			children = (
				5999BB481BB645FB002D31C8 /* MyoFitnessUITests.swift */,
				5999BB4A1BB645FB002D31C8 /* Info.plist */,
			);
			path = MyoFitnessUITests;
			sourceTree = "<group>";
		};
/* End PBXGroup section */

/* Begin PBXNativeTarget section */
		5999BB241BB645FB002D31C8 /* MyoFitness */ = {
			isa = PBXNativeTarget;
			buildConfigurationList = 5999BB4D1BB645FB002D31C8 /* Build configuration list for PBXNativeTarget "MyoFitness" */;
			buildPhases = (
				5999BB211BB645FB002D31C8 /* Sources */,
				5999BB221BB645FB002D31C8 /* Frameworks */,
				5999BB231BB645FB002D31C8 /* Resources */,
			);
			buildRules = (
			);
			dependencies = (
			);
			name = MyoFitness;
			productName = MyoFitness;
			productReference = 5999BB251BB645FB002D31C8 /* MyoFitness.app */;
			productType = "com.apple.product-type.application";
		};
		5999BB381BB645FB002D31C8 /* MyoFitnessTests */ = {
			isa = PBXNativeTarget;
			buildConfigurationList = 5999BB501BB645FB002D31C8 /* Build configuration list for PBXNativeTarget "MyoFitnessTests" */;
			buildPhases = (
				5999BB351BB645FB002D31C8 /* Sources */,
				5999BB361BB645FB002D31C8 /* Frameworks */,
				5999BB371BB645FB002D31C8 /* Resources */,
			);
			buildRules = (
			);
			dependencies = (
				5999BB3B1BB645FB002D31C8 /* PBXTargetDependency */,
			);
			name = MyoFitnessTests;
			productName = MyoFitnessTests;
			productReference = 5999BB391BB645FB002D31C8 /* MyoFitnessTests.xctest */;
			productType = "com.apple.product-type.bundle.unit-test";
		};
		5999BB431BB645FB002D31C8 /* MyoFitnessUITests */ = {
			isa = PBXNativeTarget;
			buildConfigurationList = 5999BB531BB645FB002D31C8 /* Build configuration list for PBXNativeTarget "MyoFitnessUITests" */;
			buildPhases = (
				5999BB401BB645FB002D31C8 /* Sources */,
				5999BB411BB645FB002D31C8 /* Frameworks */,
				5999BB421BB645FB002D31C8 /* Resources */,
			);
			buildRules = (
			);
			dependencies = (
				5999BB461BB645FB002D31C8 /* PBXTargetDependency */,
			);
			name = MyoFitnessUITests;
			productName = MyoFitnessUITests;
			productReference = 5999BB441BB645FB002D31C8 /* MyoFitnessUITests.xctest */;
			productType = "com.apple.product-type.bundle.ui-testing";
		};
/* End PBXNativeTarget section */

/* Begin PBXProject section */
		5999BB1D1BB645FB002D31C8 /* Project object */ = {
			isa = PBXProject;
			attributes = {
				LastUpgradeCheck = 0700;
				ORGANIZATIONNAME = "Leonie Reif";
				TargetAttributes = {
					5999BB241BB645FB002D31C8 = {
						CreatedOnToolsVersion = 7.0;
					};
					5999BB381BB645FB002D31C8 = {
						CreatedOnToolsVersion = 7.0;
						TestTargetID = 5999BB241BB645FB002D31C8;
					};
					5999BB431BB645FB002D31C8 = {
						CreatedOnToolsVersion = 7.0;
						TestTargetID = 5999BB241BB645FB002D31C8;
					};
				};
			};
			buildConfigurationList = 5999BB201BB645FB002D31C8 /* Build configuration list for PBXProject "MyoFitness" */;
			compatibilityVersion = "Xcode 3.2";
			developmentRegion = English;
			hasScannedForEncodings = 0;
			knownRegions = (
				en,
				Base,
			);
			mainGroup = 5999BB1C1BB645FB002D31C8;
			productRefGroup = 5999BB261BB645FB002D31C8 /* Products */;
			projectDirPath = "";
			projectRoot = "";
			targets = (
				5999BB241BB645FB002D31C8 /* MyoFitness */,
				5999BB381BB645FB002D31C8 /* MyoFitnessTests */,
				5999BB431BB645FB002D31C8 /* MyoFitnessUITests */,
			);
		};
/* End PBXProject section */

/* Begin PBXResourcesBuildPhase section */
		5999BB231BB645FB002D31C8 /* Resources */ = {
			isa = PBXResourcesBuildPhase;
			buildActionMask = 2147483647;
			files = (
				5999BB331BB645FB002D31C8 /* LaunchScreen.storyboard in Resources */,
				5999BB301BB645FB002D31C8 /* Assets.xcassets in Resources */,
				5999BB2E1BB645FB002D31C8 /* Main.storyboard in Resources */,
			);
			runOnlyForDeploymentPostprocessing = 0;
		};
		5999BB371BB645FB002D31C8 /* Resources */ = {
			isa = PBXResourcesBuildPhase;
			buildActionMask = 2147483647;
			files = (
			);
			runOnlyForDeploymentPostprocessing = 0;
		};
		5999BB421BB645FB002D31C8 /* Resources */ = {
			isa = PBXResourcesBuildPhase;
			buildActionMask = 2147483647;
			files = (
			);
			runOnlyForDeploymentPostprocessing = 0;
		};
/* End PBXResourcesBuildPhase section */

/* Begin PBXSourcesBuildPhase section */
		5999BB211BB645FB002D31C8 /* Sources */ = {
			isa = PBXSourcesBuildPhase;
			buildActionMask = 2147483647;
			files = (
				05C395761BB6FF7A00C82834 /* WorkoutHistory.swift in Sources */,
				05C395741BB6FF5900C82834 /* History.swift in Sources */,
				5999BB571BB64CCA002D31C8 /* OverviewTableViewController.swift in Sources */,
				5999BB291BB645FB002D31C8 /* AppDelegate.swift in Sources */,
				5999BB591BB64D57002D31C8 /* WorkoutTableViewController.swift in Sources */,
				5999BB611BB66808002D31C8 /* Workout.swift in Sources */,
				5999BB5B1BB64F32002D31C8 /* WorkoutList.swift in Sources */,
			);
			runOnlyForDeploymentPostprocessing = 0;
		};
		5999BB351BB645FB002D31C8 /* Sources */ = {
			isa = PBXSourcesBuildPhase;
			buildActionMask = 2147483647;
			files = (
				5999BB3E1BB645FB002D31C8 /* MyoFitnessTests.swift in Sources */,
			);
			runOnlyForDeploymentPostprocessing = 0;
		};
		5999BB401BB645FB002D31C8 /* Sources */ = {
			isa = PBXSourcesBuildPhase;
			buildActionMask = 2147483647;
			files = (
				5999BB491BB645FB002D31C8 /* MyoFitnessUITests.swift in Sources */,
			);
			runOnlyForDeploymentPostprocessing = 0;
		};
/* End PBXSourcesBuildPhase section */

/* Begin PBXTargetDependency section */
		5999BB3B1BB645FB002D31C8 /* PBXTargetDependency */ = {
			isa = PBXTargetDependency;
			target = 5999BB241BB645FB002D31C8 /* MyoFitness */;
			targetProxy = 5999BB3A1BB645FB002D31C8 /* PBXContainerItemProxy */;
		};
		5999BB461BB645FB002D31C8 /* PBXTargetDependency */ = {
			isa = PBXTargetDependency;
			target = 5999BB241BB645FB002D31C8 /* MyoFitness */;
			targetProxy = 5999BB451BB645FB002D31C8 /* PBXContainerItemProxy */;
		};
/* End PBXTargetDependency section */

/* Begin PBXVariantGroup section */
		5999BB2C1BB645FB002D31C8 /* Main.storyboard */ = {
			isa = PBXVariantGroup;
			children = (
				5999BB2D1BB645FB002D31C8 /* Base */,
			);
			name = Main.storyboard;
			sourceTree = "<group>";
		};
		5999BB311BB645FB002D31C8 /* LaunchScreen.storyboard */ = {
			isa = PBXVariantGroup;
			children = (
				5999BB321BB645FB002D31C8 /* Base */,
			);
			name = LaunchScreen.storyboard;
			sourceTree = "<group>";
		};
/* End PBXVariantGroup section */

/* Begin XCBuildConfiguration section */
		5999BB4B1BB645FB002D31C8 /* Debug */ = {
			isa = XCBuildConfiguration;
			buildSettings = {
				ALWAYS_SEARCH_USER_PATHS = NO;
				CLANG_CXX_LANGUAGE_STANDARD = "gnu++0x";
				CLANG_CXX_LIBRARY = "libc++";
				CLANG_ENABLE_MODULES = YES;
				CLANG_ENABLE_OBJC_ARC = YES;
				CLANG_WARN_BOOL_CONVERSION = YES;
				CLANG_WARN_CONSTANT_CONVERSION = YES;
				CLANG_WARN_DIRECT_OBJC_ISA_USAGE = YES_ERROR;
				CLANG_WARN_EMPTY_BODY = YES;
				CLANG_WARN_ENUM_CONVERSION = YES;
				CLANG_WARN_INT_CONVERSION = YES;
				CLANG_WARN_OBJC_ROOT_CLASS = YES_ERROR;
				CLANG_WARN_UNREACHABLE_CODE = YES;
				CLANG_WARN__DUPLICATE_METHOD_MATCH = YES;
				"CODE_SIGN_IDENTITY[sdk=iphoneos*]" = "iPhone Developer";
				COPY_PHASE_STRIP = NO;
				DEBUG_INFORMATION_FORMAT = dwarf;
				ENABLE_STRICT_OBJC_MSGSEND = YES;
				ENABLE_TESTABILITY = YES;
				GCC_C_LANGUAGE_STANDARD = gnu99;
				GCC_DYNAMIC_NO_PIC = NO;
				GCC_NO_COMMON_BLOCKS = YES;
				GCC_OPTIMIZATION_LEVEL = 0;
				GCC_PREPROCESSOR_DEFINITIONS = (
					"DEBUG=1",
					"$(inherited)",
				);
				GCC_WARN_64_TO_32_BIT_CONVERSION = YES;
				GCC_WARN_ABOUT_RETURN_TYPE = YES_ERROR;
				GCC_WARN_UNDECLARED_SELECTOR = YES;
				GCC_WARN_UNINITIALIZED_AUTOS = YES_AGGRESSIVE;
				GCC_WARN_UNUSED_FUNCTION = YES;
				GCC_WARN_UNUSED_VARIABLE = YES;
				IPHONEOS_DEPLOYMENT_TARGET = 9.0;
				MTL_ENABLE_DEBUG_INFO = YES;
				ONLY_ACTIVE_ARCH = YES;
				SDKROOT = iphoneos;
				SWIFT_OPTIMIZATION_LEVEL = "-Onone";
				TARGETED_DEVICE_FAMILY = "1,2";
			};
			name = Debug;
		};
		5999BB4C1BB645FB002D31C8 /* Release */ = {
			isa = XCBuildConfiguration;
			buildSettings = {
				ALWAYS_SEARCH_USER_PATHS = NO;
				CLANG_CXX_LANGUAGE_STANDARD = "gnu++0x";
				CLANG_CXX_LIBRARY = "libc++";
				CLANG_ENABLE_MODULES = YES;
				CLANG_ENABLE_OBJC_ARC = YES;
				CLANG_WARN_BOOL_CONVERSION = YES;
				CLANG_WARN_CONSTANT_CONVERSION = YES;
				CLANG_WARN_DIRECT_OBJC_ISA_USAGE = YES_ERROR;
				CLANG_WARN_EMPTY_BODY = YES;
				CLANG_WARN_ENUM_CONVERSION = YES;
				CLANG_WARN_INT_CONVERSION = YES;
				CLANG_WARN_OBJC_ROOT_CLASS = YES_ERROR;
				CLANG_WARN_UNREACHABLE_CODE = YES;
				CLANG_WARN__DUPLICATE_METHOD_MATCH = YES;
				"CODE_SIGN_IDENTITY[sdk=iphoneos*]" = "iPhone Developer";
				COPY_PHASE_STRIP = NO;
				DEBUG_INFORMATION_FORMAT = "dwarf-with-dsym";
				ENABLE_NS_ASSERTIONS = NO;
				ENABLE_STRICT_OBJC_MSGSEND = YES;
				GCC_C_LANGUAGE_STANDARD = gnu99;
				GCC_NO_COMMON_BLOCKS = YES;
				GCC_WARN_64_TO_32_BIT_CONVERSION = YES;
				GCC_WARN_ABOUT_RETURN_TYPE = YES_ERROR;
				GCC_WARN_UNDECLARED_SELECTOR = YES;
				GCC_WARN_UNINITIALIZED_AUTOS = YES_AGGRESSIVE;
				GCC_WARN_UNUSED_FUNCTION = YES;
				GCC_WARN_UNUSED_VARIABLE = YES;
				IPHONEOS_DEPLOYMENT_TARGET = 9.0;
				MTL_ENABLE_DEBUG_INFO = NO;
				SDKROOT = iphoneos;
				TARGETED_DEVICE_FAMILY = "1,2";
				VALIDATE_PRODUCT = YES;
			};
			name = Release;
		};
		5999BB4E1BB645FB002D31C8 /* Debug */ = {
			isa = XCBuildConfiguration;
			buildSettings = {
				ASSETCATALOG_COMPILER_APPICON_NAME = AppIcon;
				INFOPLIST_FILE = MyoFitness/Info.plist;
				IPHONEOS_DEPLOYMENT_TARGET = 9.0;
				LD_RUNPATH_SEARCH_PATHS = "$(inherited) @executable_path/Frameworks";
				PRODUCT_BUNDLE_IDENTIFIER = com.example.MyoFitness;
				PRODUCT_NAME = "$(TARGET_NAME)";
			};
			name = Debug;
		};
		5999BB4F1BB645FB002D31C8 /* Release */ = {
			isa = XCBuildConfiguration;
			buildSettings = {
				ASSETCATALOG_COMPILER_APPICON_NAME = AppIcon;
				INFOPLIST_FILE = MyoFitness/Info.plist;
				IPHONEOS_DEPLOYMENT_TARGET = 9.0;
				LD_RUNPATH_SEARCH_PATHS = "$(inherited) @executable_path/Frameworks";
				PRODUCT_BUNDLE_IDENTIFIER = com.example.MyoFitness;
				PRODUCT_NAME = "$(TARGET_NAME)";
			};
			name = Release;
		};
		5999BB511BB645FB002D31C8 /* Debug */ = {
			isa = XCBuildConfiguration;
			buildSettings = {
				BUNDLE_LOADER = "$(TEST_HOST)";
				INFOPLIST_FILE = MyoFitnessTests/Info.plist;
				LD_RUNPATH_SEARCH_PATHS = "$(inherited) @executable_path/Frameworks @loader_path/Frameworks";
				PRODUCT_BUNDLE_IDENTIFIER = com.example.MyoFitnessTests;
				PRODUCT_NAME = "$(TARGET_NAME)";
				TEST_HOST = "$(BUILT_PRODUCTS_DIR)/MyoFitness.app/MyoFitness";
			};
			name = Debug;
		};
		5999BB521BB645FB002D31C8 /* Release */ = {
			isa = XCBuildConfiguration;
			buildSettings = {
				BUNDLE_LOADER = "$(TEST_HOST)";
				INFOPLIST_FILE = MyoFitnessTests/Info.plist;
				LD_RUNPATH_SEARCH_PATHS = "$(inherited) @executable_path/Frameworks @loader_path/Frameworks";
				PRODUCT_BUNDLE_IDENTIFIER = com.example.MyoFitnessTests;
				PRODUCT_NAME = "$(TARGET_NAME)";
				TEST_HOST = "$(BUILT_PRODUCTS_DIR)/MyoFitness.app/MyoFitness";
			};
			name = Release;
		};
		5999BB541BB645FB002D31C8 /* Debug */ = {
			isa = XCBuildConfiguration;
			buildSettings = {
				INFOPLIST_FILE = MyoFitnessUITests/Info.plist;
				LD_RUNPATH_SEARCH_PATHS = "$(inherited) @executable_path/Frameworks @loader_path/Frameworks";
				PRODUCT_BUNDLE_IDENTIFIER = com.example.MyoFitnessUITests;
				PRODUCT_NAME = "$(TARGET_NAME)";
				TEST_TARGET_NAME = MyoFitness;
				USES_XCTRUNNER = YES;
			};
			name = Debug;
		};
		5999BB551BB645FB002D31C8 /* Release */ = {
			isa = XCBuildConfiguration;
			buildSettings = {
				INFOPLIST_FILE = MyoFitnessUITests/Info.plist;
				LD_RUNPATH_SEARCH_PATHS = "$(inherited) @executable_path/Frameworks @loader_path/Frameworks";
				PRODUCT_BUNDLE_IDENTIFIER = com.example.MyoFitnessUITests;
				PRODUCT_NAME = "$(TARGET_NAME)";
				TEST_TARGET_NAME = MyoFitness;
				USES_XCTRUNNER = YES;
			};
			name = Release;
		};
/* End XCBuildConfiguration section */

/* Begin XCConfigurationList section */
		5999BB201BB645FB002D31C8 /* Build configuration list for PBXProject "MyoFitness" */ = {
			isa = XCConfigurationList;
			buildConfigurations = (
				5999BB4B1BB645FB002D31C8 /* Debug */,
				5999BB4C1BB645FB002D31C8 /* Release */,
			);
			defaultConfigurationIsVisible = 0;
			defaultConfigurationName = Release;
		};
		5999BB4D1BB645FB002D31C8 /* Build configuration list for PBXNativeTarget "MyoFitness" */ = {
			isa = XCConfigurationList;
			buildConfigurations = (
				5999BB4E1BB645FB002D31C8 /* Debug */,
				5999BB4F1BB645FB002D31C8 /* Release */,
			);
			defaultConfigurationIsVisible = 0;
			defaultConfigurationName = Release;
		};
		5999BB501BB645FB002D31C8 /* Build configuration list for PBXNativeTarget "MyoFitnessTests" */ = {
			isa = XCConfigurationList;
			buildConfigurations = (
				5999BB511BB645FB002D31C8 /* Debug */,
				5999BB521BB645FB002D31C8 /* Release */,
			);
			defaultConfigurationIsVisible = 0;
			defaultConfigurationName = Release;
		};
		5999BB531BB645FB002D31C8 /* Build configuration list for PBXNativeTarget "MyoFitnessUITests" */ = {
			isa = XCConfigurationList;
			buildConfigurations = (
				5999BB541BB645FB002D31C8 /* Debug */,
				5999BB551BB645FB002D31C8 /* Release */,
			);
			defaultConfigurationIsVisible = 0;
			defaultConfigurationName = Release;
		};
/* End XCConfigurationList section */
	};
	rootObject = 5999BB1D1BB645FB002D31C8 /* Project object */;
}
