// !$*UTF8*$!
{
	archiveVersion = 1;
	classes = {
	};
	objectVersion = 46;
	objects = {

/* Begin PBXBuildFile section */
		59F701AD1BB6A45E00D818D8 /* AppDelegate.swift in Sources */ = {isa = PBXBuildFile; fileRef = 59F701AC1BB6A45E00D818D8 /* AppDelegate.swift */; };
		59F701B21BB6A45E00D818D8 /* Main.storyboard in Resources */ = {isa = PBXBuildFile; fileRef = 59F701B01BB6A45E00D818D8 /* Main.storyboard */; };
		59F701B41BB6A45E00D818D8 /* Assets.xcassets in Resources */ = {isa = PBXBuildFile; fileRef = 59F701B31BB6A45E00D818D8 /* Assets.xcassets */; };
		59F701B71BB6A45E00D818D8 /* LaunchScreen.storyboard in Resources */ = {isa = PBXBuildFile; fileRef = 59F701B51BB6A45E00D818D8 /* LaunchScreen.storyboard */; };
		59F701C21BB6A45E00D818D8 /* testingDanielTests.swift in Sources */ = {isa = PBXBuildFile; fileRef = 59F701C11BB6A45E00D818D8 /* testingDanielTests.swift */; };
		59F701CD1BB6A45E00D818D8 /* testingDanielUITests.swift in Sources */ = {isa = PBXBuildFile; fileRef = 59F701CC1BB6A45E00D818D8 /* testingDanielUITests.swift */; };
		59F701DB1BB6A47400D818D8 /* MyoKit.framework in Frameworks */ = {isa = PBXBuildFile; fileRef = 59F701DA1BB6A47400D818D8 /* MyoKit.framework */; settings = {ASSET_TAGS = (); }; };
		59F701DE1BB6AEAB00D818D8 /* TableViewController.swift in Sources */ = {isa = PBXBuildFile; fileRef = 59F701DD1BB6AEAB00D818D8 /* TableViewController.swift */; settings = {ASSET_TAGS = (); }; };
		59F701E41BB6D56000D818D8 /* ViewController.swift in Sources */ = {isa = PBXBuildFile; fileRef = 59F701E31BB6D56000D818D8 /* ViewController.swift */; settings = {ASSET_TAGS = (); }; };
/* End PBXBuildFile section */

/* Begin PBXContainerItemProxy section */
		59F701BE1BB6A45E00D818D8 /* PBXContainerItemProxy */ = {
			isa = PBXContainerItemProxy;
			containerPortal = 59F701A11BB6A45E00D818D8 /* Project object */;
			proxyType = 1;
			remoteGlobalIDString = 59F701A81BB6A45E00D818D8;
			remoteInfo = testingDaniel;
		};
		59F701C91BB6A45E00D818D8 /* PBXContainerItemProxy */ = {
			isa = PBXContainerItemProxy;
			containerPortal = 59F701A11BB6A45E00D818D8 /* Project object */;
			proxyType = 1;
			remoteGlobalIDString = 59F701A81BB6A45E00D818D8;
			remoteInfo = testingDaniel;
		};
/* End PBXContainerItemProxy section */

/* Begin PBXFileReference section */
		59F701A91BB6A45E00D818D8 /* testingDaniel.app */ = {isa = PBXFileReference; explicitFileType = wrapper.application; includeInIndex = 0; path = testingDaniel.app; sourceTree = BUILT_PRODUCTS_DIR; };
		59F701AC1BB6A45E00D818D8 /* AppDelegate.swift */ = {isa = PBXFileReference; lastKnownFileType = sourcecode.swift; path = AppDelegate.swift; sourceTree = "<group>"; };
		59F701B11BB6A45E00D818D8 /* Base */ = {isa = PBXFileReference; lastKnownFileType = file.storyboard; name = Base; path = Base.lproj/Main.storyboard; sourceTree = "<group>"; };
		59F701B31BB6A45E00D818D8 /* Assets.xcassets */ = {isa = PBXFileReference; lastKnownFileType = folder.assetcatalog; path = Assets.xcassets; sourceTree = "<group>"; };
		59F701B61BB6A45E00D818D8 /* Base */ = {isa = PBXFileReference; lastKnownFileType = file.storyboard; name = Base; path = Base.lproj/LaunchScreen.storyboard; sourceTree = "<group>"; };
		59F701B81BB6A45E00D818D8 /* Info.plist */ = {isa = PBXFileReference; lastKnownFileType = text.plist.xml; path = Info.plist; sourceTree = "<group>"; };
		59F701BD1BB6A45E00D818D8 /* testingDanielTests.xctest */ = {isa = PBXFileReference; explicitFileType = wrapper.cfbundle; includeInIndex = 0; path = testingDanielTests.xctest; sourceTree = BUILT_PRODUCTS_DIR; };
		59F701C11BB6A45E00D818D8 /* testingDanielTests.swift */ = {isa = PBXFileReference; lastKnownFileType = sourcecode.swift; path = testingDanielTests.swift; sourceTree = "<group>"; };
		59F701C31BB6A45E00D818D8 /* Info.plist */ = {isa = PBXFileReference; lastKnownFileType = text.plist.xml; path = Info.plist; sourceTree = "<group>"; };
		59F701C81BB6A45E00D818D8 /* testingDanielUITests.xctest */ = {isa = PBXFileReference; explicitFileType = wrapper.cfbundle; includeInIndex = 0; path = testingDanielUITests.xctest; sourceTree = BUILT_PRODUCTS_DIR; };
		59F701CC1BB6A45E00D818D8 /* testingDanielUITests.swift */ = {isa = PBXFileReference; lastKnownFileType = sourcecode.swift; path = testingDanielUITests.swift; sourceTree = "<group>"; };
		59F701CE1BB6A45E00D818D8 /* Info.plist */ = {isa = PBXFileReference; lastKnownFileType = text.plist.xml; path = Info.plist; sourceTree = "<group>"; };
		59F701DA1BB6A47400D818D8 /* MyoKit.framework */ = {isa = PBXFileReference; lastKnownFileType = wrapper.framework; name = MyoKit.framework; path = "Myo-iOS-SDK-0.5.2 2/MyoKit.framework"; sourceTree = "<group>"; };
		59F701DC1BB6A4F300D818D8 /* testingDaniel-Bridging-Header.h */ = {isa = PBXFileReference; lastKnownFileType = sourcecode.c.h; path = "testingDaniel-Bridging-Header.h"; sourceTree = "<group>"; };
		59F701DD1BB6AEAB00D818D8 /* TableViewController.swift */ = {isa = PBXFileReference; fileEncoding = 4; lastKnownFileType = sourcecode.swift; name = TableViewController.swift; path = ../TableViewController.swift; sourceTree = "<group>"; };
		59F701E31BB6D56000D818D8 /* ViewController.swift */ = {isa = PBXFileReference; fileEncoding = 4; lastKnownFileType = sourcecode.swift; path = ViewController.swift; sourceTree = "<group>"; };
/* End PBXFileReference section */

/* Begin PBXFrameworksBuildPhase section */
		59F701A61BB6A45E00D818D8 /* Frameworks */ = {
			isa = PBXFrameworksBuildPhase;
			buildActionMask = 2147483647;
			files = (
				59F701DB1BB6A47400D818D8 /* MyoKit.framework in Frameworks */,
			);
			runOnlyForDeploymentPostprocessing = 0;
		};
		59F701BA1BB6A45E00D818D8 /* Frameworks */ = {
			isa = PBXFrameworksBuildPhase;
			buildActionMask = 2147483647;
			files = (
			);
			runOnlyForDeploymentPostprocessing = 0;
		};
		59F701C51BB6A45E00D818D8 /* Frameworks */ = {
			isa = PBXFrameworksBuildPhase;
			buildActionMask = 2147483647;
			files = (
			);
			runOnlyForDeploymentPostprocessing = 0;
		};
/* End PBXFrameworksBuildPhase section */

/* Begin PBXGroup section */
		59F701A01BB6A45E00D818D8 = {
			isa = PBXGroup;
			children = (
				59F701DC1BB6A4F300D818D8 /* testingDaniel-Bridging-Header.h */,
				59F701DA1BB6A47400D818D8 /* MyoKit.framework */,
				59F701AB1BB6A45E00D818D8 /* testingDaniel */,
				59F701C01BB6A45E00D818D8 /* testingDanielTests */,
				59F701CB1BB6A45E00D818D8 /* testingDanielUITests */,
				59F701AA1BB6A45E00D818D8 /* Products */,
			);
			sourceTree = "<group>";
		};
		59F701AA1BB6A45E00D818D8 /* Products */ = {
			isa = PBXGroup;
			children = (
				59F701A91BB6A45E00D818D8 /* testingDaniel.app */,
				59F701BD1BB6A45E00D818D8 /* testingDanielTests.xctest */,
				59F701C81BB6A45E00D818D8 /* testingDanielUITests.xctest */,
			);
			name = Products;
			sourceTree = "<group>";
		};
		59F701AB1BB6A45E00D818D8 /* testingDaniel */ = {
			isa = PBXGroup;
			children = (
				59F701DD1BB6AEAB00D818D8 /* TableViewController.swift */,
				59F701AC1BB6A45E00D818D8 /* AppDelegate.swift */,
				59F701B01BB6A45E00D818D8 /* Main.storyboard */,
				59F701E31BB6D56000D818D8 /* ViewController.swift */,
				59F701B31BB6A45E00D818D8 /* Assets.xcassets */,
				59F701B51BB6A45E00D818D8 /* LaunchScreen.storyboard */,
				59F701B81BB6A45E00D818D8 /* Info.plist */,
			);
			path = testingDaniel;
			sourceTree = "<group>";
		};
		59F701C01BB6A45E00D818D8 /* testingDanielTests */ = {
			isa = PBXGroup;
			children = (
				59F701C11BB6A45E00D818D8 /* testingDanielTests.swift */,
				59F701C31BB6A45E00D818D8 /* Info.plist */,
			);
			path = testingDanielTests;
			sourceTree = "<group>";
		};
		59F701CB1BB6A45E00D818D8 /* testingDanielUITests */ = {
			isa = PBXGroup;
			children = (
				59F701CC1BB6A45E00D818D8 /* testingDanielUITests.swift */,
				59F701CE1BB6A45E00D818D8 /* Info.plist */,
			);
			path = testingDanielUITests;
			sourceTree = "<group>";
		};
/* End PBXGroup section */

/* Begin PBXNativeTarget section */
		59F701A81BB6A45E00D818D8 /* testingDaniel */ = {
			isa = PBXNativeTarget;
			buildConfigurationList = 59F701D11BB6A45F00D818D8 /* Build configuration list for PBXNativeTarget "testingDaniel" */;
			buildPhases = (
				59F701A51BB6A45E00D818D8 /* Sources */,
				59F701A61BB6A45E00D818D8 /* Frameworks */,
				59F701A71BB6A45E00D818D8 /* Resources */,
			);
			buildRules = (
			);
			dependencies = (
			);
			name = testingDaniel;
			productName = testingDaniel;
			productReference = 59F701A91BB6A45E00D818D8 /* testingDaniel.app */;
			productType = "com.apple.product-type.application";
		};
		59F701BC1BB6A45E00D818D8 /* testingDanielTests */ = {
			isa = PBXNativeTarget;
			buildConfigurationList = 59F701D41BB6A45F00D818D8 /* Build configuration list for PBXNativeTarget "testingDanielTests" */;
			buildPhases = (
				59F701B91BB6A45E00D818D8 /* Sources */,
				59F701BA1BB6A45E00D818D8 /* Frameworks */,
				59F701BB1BB6A45E00D818D8 /* Resources */,
			);
			buildRules = (
			);
			dependencies = (
				59F701BF1BB6A45E00D818D8 /* PBXTargetDependency */,
			);
			name = testingDanielTests;
			productName = testingDanielTests;
			productReference = 59F701BD1BB6A45E00D818D8 /* testingDanielTests.xctest */;
			productType = "com.apple.product-type.bundle.unit-test";
		};
		59F701C71BB6A45E00D818D8 /* testingDanielUITests */ = {
			isa = PBXNativeTarget;
			buildConfigurationList = 59F701D71BB6A45F00D818D8 /* Build configuration list for PBXNativeTarget "testingDanielUITests" */;
			buildPhases = (
				59F701C41BB6A45E00D818D8 /* Sources */,
				59F701C51BB6A45E00D818D8 /* Frameworks */,
				59F701C61BB6A45E00D818D8 /* Resources */,
			);
			buildRules = (
			);
			dependencies = (
				59F701CA1BB6A45E00D818D8 /* PBXTargetDependency */,
			);
			name = testingDanielUITests;
			productName = testingDanielUITests;
			productReference = 59F701C81BB6A45E00D818D8 /* testingDanielUITests.xctest */;
			productType = "com.apple.product-type.bundle.ui-testing";
		};
/* End PBXNativeTarget section */

/* Begin PBXProject section */
		59F701A11BB6A45E00D818D8 /* Project object */ = {
			isa = PBXProject;
			attributes = {
				LastUpgradeCheck = 0700;
				ORGANIZATIONNAME = "Leonie Reif";
				TargetAttributes = {
					59F701A81BB6A45E00D818D8 = {
						CreatedOnToolsVersion = 7.0;
						DevelopmentTeam = L4P8J6E7V7;
					};
					59F701BC1BB6A45E00D818D8 = {
						CreatedOnToolsVersion = 7.0;
						TestTargetID = 59F701A81BB6A45E00D818D8;
					};
					59F701C71BB6A45E00D818D8 = {
						CreatedOnToolsVersion = 7.0;
						TestTargetID = 59F701A81BB6A45E00D818D8;
					};
				};
			};
			buildConfigurationList = 59F701A41BB6A45E00D818D8 /* Build configuration list for PBXProject "testingDaniel" */;
			compatibilityVersion = "Xcode 3.2";
			developmentRegion = English;
			hasScannedForEncodings = 0;
			knownRegions = (
				en,
				Base,
			);
			mainGroup = 59F701A01BB6A45E00D818D8;
			productRefGroup = 59F701AA1BB6A45E00D818D8 /* Products */;
			projectDirPath = "";
			projectRoot = "";
			targets = (
				59F701A81BB6A45E00D818D8 /* testingDaniel */,
				59F701BC1BB6A45E00D818D8 /* testingDanielTests */,
				59F701C71BB6A45E00D818D8 /* testingDanielUITests */,
			);
		};
/* End PBXProject section */

/* Begin PBXResourcesBuildPhase section */
		59F701A71BB6A45E00D818D8 /* Resources */ = {
			isa = PBXResourcesBuildPhase;
			buildActionMask = 2147483647;
			files = (
				59F701B71BB6A45E00D818D8 /* LaunchScreen.storyboard in Resources */,
				59F701B41BB6A45E00D818D8 /* Assets.xcassets in Resources */,
				59F701B21BB6A45E00D818D8 /* Main.storyboard in Resources */,
			);
			runOnlyForDeploymentPostprocessing = 0;
		};
		59F701BB1BB6A45E00D818D8 /* Resources */ = {
			isa = PBXResourcesBuildPhase;
			buildActionMask = 2147483647;
			files = (
			);
			runOnlyForDeploymentPostprocessing = 0;
		};
		59F701C61BB6A45E00D818D8 /* Resources */ = {
			isa = PBXResourcesBuildPhase;
			buildActionMask = 2147483647;
			files = (
			);
			runOnlyForDeploymentPostprocessing = 0;
		};
/* End PBXResourcesBuildPhase section */

/* Begin PBXSourcesBuildPhase section */
		59F701A51BB6A45E00D818D8 /* Sources */ = {
			isa = PBXSourcesBuildPhase;
			buildActionMask = 2147483647;
			files = (
				59F701E41BB6D56000D818D8 /* ViewController.swift in Sources */,
				59F701AD1BB6A45E00D818D8 /* AppDelegate.swift in Sources */,
				59F701DE1BB6AEAB00D818D8 /* TableViewController.swift in Sources */,
			);
			runOnlyForDeploymentPostprocessing = 0;
		};
		59F701B91BB6A45E00D818D8 /* Sources */ = {
			isa = PBXSourcesBuildPhase;
			buildActionMask = 2147483647;
			files = (
				59F701C21BB6A45E00D818D8 /* testingDanielTests.swift in Sources */,
			);
			runOnlyForDeploymentPostprocessing = 0;
		};
		59F701C41BB6A45E00D818D8 /* Sources */ = {
			isa = PBXSourcesBuildPhase;
			buildActionMask = 2147483647;
			files = (
				59F701CD1BB6A45E00D818D8 /* testingDanielUITests.swift in Sources */,
			);
			runOnlyForDeploymentPostprocessing = 0;
		};
/* End PBXSourcesBuildPhase section */

/* Begin PBXTargetDependency section */
		59F701BF1BB6A45E00D818D8 /* PBXTargetDependency */ = {
			isa = PBXTargetDependency;
			target = 59F701A81BB6A45E00D818D8 /* testingDaniel */;
			targetProxy = 59F701BE1BB6A45E00D818D8 /* PBXContainerItemProxy */;
		};
		59F701CA1BB6A45E00D818D8 /* PBXTargetDependency */ = {
			isa = PBXTargetDependency;
			target = 59F701A81BB6A45E00D818D8 /* testingDaniel */;
			targetProxy = 59F701C91BB6A45E00D818D8 /* PBXContainerItemProxy */;
		};
/* End PBXTargetDependency section */

/* Begin PBXVariantGroup section */
		59F701B01BB6A45E00D818D8 /* Main.storyboard */ = {
			isa = PBXVariantGroup;
			children = (
				59F701B11BB6A45E00D818D8 /* Base */,
			);
			name = Main.storyboard;
			sourceTree = "<group>";
		};
		59F701B51BB6A45E00D818D8 /* LaunchScreen.storyboard */ = {
			isa = PBXVariantGroup;
			children = (
				59F701B61BB6A45E00D818D8 /* Base */,
			);
			name = LaunchScreen.storyboard;
			sourceTree = "<group>";
		};
/* End PBXVariantGroup section */

/* Begin XCBuildConfiguration section */
		59F701CF1BB6A45F00D818D8 /* Debug */ = {
			isa = XCBuildConfiguration;
			buildSettings = {
				ALWAYS_SEARCH_USER_PATHS = NO;
				CLANG_CXX_LANGUAGE_STANDARD = "gnu++0x";
				CLANG_CXX_LIBRARY = "libc++";
				CLANG_ENABLE_MODULES = YES;
				CLANG_ENABLE_OBJC_ARC = YES;
				CLANG_WARN_BOOL_CONVERSION = YES;
				CLANG_WARN_CONSTANT_CONVERSION = YES;
				CLANG_WARN_DIRECT_OBJC_ISA_USAGE = YES_ERROR;
				CLANG_WARN_EMPTY_BODY = YES;
				CLANG_WARN_ENUM_CONVERSION = YES;
				CLANG_WARN_INT_CONVERSION = YES;
				CLANG_WARN_OBJC_ROOT_CLASS = YES_ERROR;
				CLANG_WARN_UNREACHABLE_CODE = YES;
				CLANG_WARN__DUPLICATE_METHOD_MATCH = YES;
				"CODE_SIGN_IDENTITY[sdk=iphoneos*]" = "iPhone Developer";
				COPY_PHASE_STRIP = NO;
				DEBUG_INFORMATION_FORMAT = dwarf;
				ENABLE_STRICT_OBJC_MSGSEND = YES;
				ENABLE_TESTABILITY = YES;
				GCC_C_LANGUAGE_STANDARD = gnu99;
				GCC_DYNAMIC_NO_PIC = NO;
				GCC_NO_COMMON_BLOCKS = YES;
				GCC_OPTIMIZATION_LEVEL = 0;
				GCC_PREPROCESSOR_DEFINITIONS = (
					"DEBUG=1",
					"$(inherited)",
				);
				GCC_WARN_64_TO_32_BIT_CONVERSION = YES;
				GCC_WARN_ABOUT_RETURN_TYPE = YES_ERROR;
				GCC_WARN_UNDECLARED_SELECTOR = YES;
				GCC_WARN_UNINITIALIZED_AUTOS = YES_AGGRESSIVE;
				GCC_WARN_UNUSED_FUNCTION = YES;
				GCC_WARN_UNUSED_VARIABLE = YES;
				IPHONEOS_DEPLOYMENT_TARGET = 9.0;
				MTL_ENABLE_DEBUG_INFO = YES;
				ONLY_ACTIVE_ARCH = YES;
				SDKROOT = iphoneos;
				SWIFT_OPTIMIZATION_LEVEL = "-Onone";
				TARGETED_DEVICE_FAMILY = "1,2";
			};
			name = Debug;
		};
		59F701D01BB6A45F00D818D8 /* Release */ = {
			isa = XCBuildConfiguration;
			buildSettings = {
				ALWAYS_SEARCH_USER_PATHS = NO;
				CLANG_CXX_LANGUAGE_STANDARD = "gnu++0x";
				CLANG_CXX_LIBRARY = "libc++";
				CLANG_ENABLE_MODULES = YES;
				CLANG_ENABLE_OBJC_ARC = YES;
				CLANG_WARN_BOOL_CONVERSION = YES;
				CLANG_WARN_CONSTANT_CONVERSION = YES;
				CLANG_WARN_DIRECT_OBJC_ISA_USAGE = YES_ERROR;
				CLANG_WARN_EMPTY_BODY = YES;
				CLANG_WARN_ENUM_CONVERSION = YES;
				CLANG_WARN_INT_CONVERSION = YES;
				CLANG_WARN_OBJC_ROOT_CLASS = YES_ERROR;
				CLANG_WARN_UNREACHABLE_CODE = YES;
				CLANG_WARN__DUPLICATE_METHOD_MATCH = YES;
				"CODE_SIGN_IDENTITY[sdk=iphoneos*]" = "iPhone Developer";
				COPY_PHASE_STRIP = NO;
				DEBUG_INFORMATION_FORMAT = "dwarf-with-dsym";
				ENABLE_NS_ASSERTIONS = NO;
				ENABLE_STRICT_OBJC_MSGSEND = YES;
				GCC_C_LANGUAGE_STANDARD = gnu99;
				GCC_NO_COMMON_BLOCKS = YES;
				GCC_WARN_64_TO_32_BIT_CONVERSION = YES;
				GCC_WARN_ABOUT_RETURN_TYPE = YES_ERROR;
				GCC_WARN_UNDECLARED_SELECTOR = YES;
				GCC_WARN_UNINITIALIZED_AUTOS = YES_AGGRESSIVE;
				GCC_WARN_UNUSED_FUNCTION = YES;
				GCC_WARN_UNUSED_VARIABLE = YES;
				IPHONEOS_DEPLOYMENT_TARGET = 9.0;
				MTL_ENABLE_DEBUG_INFO = NO;
				SDKROOT = iphoneos;
				TARGETED_DEVICE_FAMILY = "1,2";
				VALIDATE_PRODUCT = YES;
			};
			name = Release;
		};
		59F701D21BB6A45F00D818D8 /* Debug */ = {
			isa = XCBuildConfiguration;
			buildSettings = {
				ASSETCATALOG_COMPILER_APPICON_NAME = AppIcon;
				CODE_SIGN_IDENTITY = "iPhone Developer";
				"CODE_SIGN_IDENTITY[sdk=iphoneos*]" = "iPhone Developer";
				ENABLE_BITCODE = NO;
				FRAMEWORK_SEARCH_PATHS = (
					"$(inherited)",
					"$(PROJECT_DIR)/Myo-iOS-SDK-0.5.2",
					2,
				);
				INFOPLIST_FILE = testingDaniel/Info.plist;
				LD_RUNPATH_SEARCH_PATHS = "$(inherited) @executable_path/Frameworks";
				PRODUCT_BUNDLE_IDENTIFIER = com.example.testingDaniel;
				PRODUCT_NAME = "$(TARGET_NAME)";
				PROVISIONING_PROFILE = "";
				SWIFT_OBJC_BRIDGING_HEADER = "testingDaniel-Bridging-Header.h";
			};
			name = Debug;
		};
		59F701D31BB6A45F00D818D8 /* Release */ = {
			isa = XCBuildConfiguration;
			buildSettings = {
				ASSETCATALOG_COMPILER_APPICON_NAME = AppIcon;
				CODE_SIGN_IDENTITY = "iPhone Developer";
				"CODE_SIGN_IDENTITY[sdk=iphoneos*]" = "iPhone Developer";
				ENABLE_BITCODE = NO;
				FRAMEWORK_SEARCH_PATHS = (
					"$(inherited)",
					"$(PROJECT_DIR)/Myo-iOS-SDK-0.5.2",
					2,
				);
				INFOPLIST_FILE = testingDaniel/Info.plist;
				LD_RUNPATH_SEARCH_PATHS = "$(inherited) @executable_path/Frameworks";
				PRODUCT_BUNDLE_IDENTIFIER = com.example.testingDaniel;
				PRODUCT_NAME = "$(TARGET_NAME)";
				PROVISIONING_PROFILE = "";
				SWIFT_OBJC_BRIDGING_HEADER = "testingDaniel-Bridging-Header.h";
			};
			name = Release;
		};
		59F701D51BB6A45F00D818D8 /* Debug */ = {
			isa = XCBuildConfiguration;
			buildSettings = {
				BUNDLE_LOADER = "$(TEST_HOST)";
				INFOPLIST_FILE = testingDanielTests/Info.plist;
				LD_RUNPATH_SEARCH_PATHS = "$(inherited) @executable_path/Frameworks @loader_path/Frameworks";
				PRODUCT_BUNDLE_IDENTIFIER = com.example.testingDanielTests;
				PRODUCT_NAME = "$(TARGET_NAME)";
				TEST_HOST = "$(BUILT_PRODUCTS_DIR)/testingDaniel.app/testingDaniel";
			};
			name = Debug;
		};
		59F701D61BB6A45F00D818D8 /* Release */ = {
			isa = XCBuildConfiguration;
			buildSettings = {
				BUNDLE_LOADER = "$(TEST_HOST)";
				INFOPLIST_FILE = testingDanielTests/Info.plist;
				LD_RUNPATH_SEARCH_PATHS = "$(inherited) @executable_path/Frameworks @loader_path/Frameworks";
				PRODUCT_BUNDLE_IDENTIFIER = com.example.testingDanielTests;
				PRODUCT_NAME = "$(TARGET_NAME)";
				TEST_HOST = "$(BUILT_PRODUCTS_DIR)/testingDaniel.app/testingDaniel";
			};
			name = Release;
		};
		59F701D81BB6A45F00D818D8 /* Debug */ = {
			isa = XCBuildConfiguration;
			buildSettings = {
				INFOPLIST_FILE = testingDanielUITests/Info.plist;
				LD_RUNPATH_SEARCH_PATHS = "$(inherited) @executable_path/Frameworks @loader_path/Frameworks";
				PRODUCT_BUNDLE_IDENTIFIER = com.example.testingDanielUITests;
				PRODUCT_NAME = "$(TARGET_NAME)";
				TEST_TARGET_NAME = testingDaniel;
				USES_XCTRUNNER = YES;
			};
			name = Debug;
		};
		59F701D91BB6A45F00D818D8 /* Release */ = {
			isa = XCBuildConfiguration;
			buildSettings = {
				INFOPLIST_FILE = testingDanielUITests/Info.plist;
				LD_RUNPATH_SEARCH_PATHS = "$(inherited) @executable_path/Frameworks @loader_path/Frameworks";
				PRODUCT_BUNDLE_IDENTIFIER = com.example.testingDanielUITests;
				PRODUCT_NAME = "$(TARGET_NAME)";
				TEST_TARGET_NAME = testingDaniel;
				USES_XCTRUNNER = YES;
			};
			name = Release;
		};
/* End XCBuildConfiguration section */

/* Begin XCConfigurationList section */
		59F701A41BB6A45E00D818D8 /* Build configuration list for PBXProject "testingDaniel" */ = {
			isa = XCConfigurationList;
			buildConfigurations = (
				59F701CF1BB6A45F00D818D8 /* Debug */,
				59F701D01BB6A45F00D818D8 /* Release */,
			);
			defaultConfigurationIsVisible = 0;
			defaultConfigurationName = Release;
		};
		59F701D11BB6A45F00D818D8 /* Build configuration list for PBXNativeTarget "testingDaniel" */ = {
			isa = XCConfigurationList;
			buildConfigurations = (
				59F701D21BB6A45F00D818D8 /* Debug */,
				59F701D31BB6A45F00D818D8 /* Release */,
			);
			defaultConfigurationIsVisible = 0;
		};
		59F701D41BB6A45F00D818D8 /* Build configuration list for PBXNativeTarget "testingDanielTests" */ = {
			isa = XCConfigurationList;
			buildConfigurations = (
				59F701D51BB6A45F00D818D8 /* Debug */,
				59F701D61BB6A45F00D818D8 /* Release */,
			);
			defaultConfigurationIsVisible = 0;
		};
		59F701D71BB6A45F00D818D8 /* Build configuration list for PBXNativeTarget "testingDanielUITests" */ = {
			isa = XCConfigurationList;
			buildConfigurations = (
				59F701D81BB6A45F00D818D8 /* Debug */,
				59F701D91BB6A45F00D818D8 /* Release */,
			);
			defaultConfigurationIsVisible = 0;
		};
/* End XCConfigurationList section */
	};
	rootObject = 59F701A11BB6A45E00D818D8 /* Project object */;
}
