// !$*UTF8*$!
{
	archiveVersion = 1;
	classes = {
	};
	objectVersion = 46;
	objects = {

/* Begin PBXBuildFile section */
		055649001BB64F1A0071C2B4 /* AppDelegate.swift in Sources */ = {isa = PBXBuildFile; fileRef = 055648FF1BB64F1A0071C2B4 /* AppDelegate.swift */; };
		055649021BB64F1A0071C2B4 /* MasterViewController.swift in Sources */ = {isa = PBXBuildFile; fileRef = 055649011BB64F1A0071C2B4 /* MasterViewController.swift */; };
		055649041BB64F1A0071C2B4 /* DetailViewController.swift in Sources */ = {isa = PBXBuildFile; fileRef = 055649031BB64F1A0071C2B4 /* DetailViewController.swift */; };
		055649071BB64F1A0071C2B4 /* Main.storyboard in Resources */ = {isa = PBXBuildFile; fileRef = 055649051BB64F1A0071C2B4 /* Main.storyboard */; };
		055649091BB64F1A0071C2B4 /* Assets.xcassets in Resources */ = {isa = PBXBuildFile; fileRef = 055649081BB64F1A0071C2B4 /* Assets.xcassets */; };
		0556490C1BB64F1A0071C2B4 /* LaunchScreen.storyboard in Resources */ = {isa = PBXBuildFile; fileRef = 0556490A1BB64F1A0071C2B4 /* LaunchScreen.storyboard */; };
		055649171BB64F1A0071C2B4 /* TestingTests.swift in Sources */ = {isa = PBXBuildFile; fileRef = 055649161BB64F1A0071C2B4 /* TestingTests.swift */; };
		055649221BB64F1A0071C2B4 /* TestingUITests.swift in Sources */ = {isa = PBXBuildFile; fileRef = 055649211BB64F1A0071C2B4 /* TestingUITests.swift */; };
/* End PBXBuildFile section */

/* Begin PBXContainerItemProxy section */
		055649131BB64F1A0071C2B4 /* PBXContainerItemProxy */ = {
			isa = PBXContainerItemProxy;
			containerPortal = 055648F41BB64F1A0071C2B4 /* Project object */;
			proxyType = 1;
			remoteGlobalIDString = 055648FB1BB64F1A0071C2B4;
			remoteInfo = Testing;
		};
		0556491E1BB64F1A0071C2B4 /* PBXContainerItemProxy */ = {
			isa = PBXContainerItemProxy;
			containerPortal = 055648F41BB64F1A0071C2B4 /* Project object */;
			proxyType = 1;
			remoteGlobalIDString = 055648FB1BB64F1A0071C2B4;
			remoteInfo = Testing;
		};
/* End PBXContainerItemProxy section */

/* Begin PBXFileReference section */
		055648FC1BB64F1A0071C2B4 /* Testing.app */ = {isa = PBXFileReference; explicitFileType = wrapper.application; includeInIndex = 0; path = Testing.app; sourceTree = BUILT_PRODUCTS_DIR; };
		055648FF1BB64F1A0071C2B4 /* AppDelegate.swift */ = {isa = PBXFileReference; lastKnownFileType = sourcecode.swift; path = AppDelegate.swift; sourceTree = "<group>"; };
		055649011BB64F1A0071C2B4 /* MasterViewController.swift */ = {isa = PBXFileReference; lastKnownFileType = sourcecode.swift; path = MasterViewController.swift; sourceTree = "<group>"; };
		055649031BB64F1A0071C2B4 /* DetailViewController.swift */ = {isa = PBXFileReference; lastKnownFileType = sourcecode.swift; path = DetailViewController.swift; sourceTree = "<group>"; };
		055649061BB64F1A0071C2B4 /* Base */ = {isa = PBXFileReference; lastKnownFileType = file.storyboard; name = Base; path = Base.lproj/Main.storyboard; sourceTree = "<group>"; };
		055649081BB64F1A0071C2B4 /* Assets.xcassets */ = {isa = PBXFileReference; lastKnownFileType = folder.assetcatalog; path = Assets.xcassets; sourceTree = "<group>"; };
		0556490B1BB64F1A0071C2B4 /* Base */ = {isa = PBXFileReference; lastKnownFileType = file.storyboard; name = Base; path = Base.lproj/LaunchScreen.storyboard; sourceTree = "<group>"; };
		0556490D1BB64F1A0071C2B4 /* Info.plist */ = {isa = PBXFileReference; lastKnownFileType = text.plist.xml; path = Info.plist; sourceTree = "<group>"; };
		055649121BB64F1A0071C2B4 /* TestingTests.xctest */ = {isa = PBXFileReference; explicitFileType = wrapper.cfbundle; includeInIndex = 0; path = TestingTests.xctest; sourceTree = BUILT_PRODUCTS_DIR; };
		055649161BB64F1A0071C2B4 /* TestingTests.swift */ = {isa = PBXFileReference; lastKnownFileType = sourcecode.swift; path = TestingTests.swift; sourceTree = "<group>"; };
		055649181BB64F1A0071C2B4 /* Info.plist */ = {isa = PBXFileReference; lastKnownFileType = text.plist.xml; path = Info.plist; sourceTree = "<group>"; };
		0556491D1BB64F1A0071C2B4 /* TestingUITests.xctest */ = {isa = PBXFileReference; explicitFileType = wrapper.cfbundle; includeInIndex = 0; path = TestingUITests.xctest; sourceTree = BUILT_PRODUCTS_DIR; };
		055649211BB64F1A0071C2B4 /* TestingUITests.swift */ = {isa = PBXFileReference; lastKnownFileType = sourcecode.swift; path = TestingUITests.swift; sourceTree = "<group>"; };
		055649231BB64F1A0071C2B4 /* Info.plist */ = {isa = PBXFileReference; lastKnownFileType = text.plist.xml; path = Info.plist; sourceTree = "<group>"; };
/* End PBXFileReference section */

/* Begin PBXFrameworksBuildPhase section */
		055648F91BB64F1A0071C2B4 /* Frameworks */ = {
			isa = PBXFrameworksBuildPhase;
			buildActionMask = 2147483647;
			files = (
			);
			runOnlyForDeploymentPostprocessing = 0;
		};
		0556490F1BB64F1A0071C2B4 /* Frameworks */ = {
			isa = PBXFrameworksBuildPhase;
			buildActionMask = 2147483647;
			files = (
			);
			runOnlyForDeploymentPostprocessing = 0;
		};
		0556491A1BB64F1A0071C2B4 /* Frameworks */ = {
			isa = PBXFrameworksBuildPhase;
			buildActionMask = 2147483647;
			files = (
			);
			runOnlyForDeploymentPostprocessing = 0;
		};
/* End PBXFrameworksBuildPhase section */

/* Begin PBXGroup section */
		055648F31BB64F1A0071C2B4 = {
			isa = PBXGroup;
			children = (
				055648FE1BB64F1A0071C2B4 /* Testing */,
				055649151BB64F1A0071C2B4 /* TestingTests */,
				055649201BB64F1A0071C2B4 /* TestingUITests */,
				055648FD1BB64F1A0071C2B4 /* Products */,
			);
			sourceTree = "<group>";
		};
		055648FD1BB64F1A0071C2B4 /* Products */ = {
			isa = PBXGroup;
			children = (
				055648FC1BB64F1A0071C2B4 /* Testing.app */,
				055649121BB64F1A0071C2B4 /* TestingTests.xctest */,
				0556491D1BB64F1A0071C2B4 /* TestingUITests.xctest */,
			);
			name = Products;
			sourceTree = "<group>";
		};
		055648FE1BB64F1A0071C2B4 /* Testing */ = {
			isa = PBXGroup;
			children = (
				055648FF1BB64F1A0071C2B4 /* AppDelegate.swift */,
				055649011BB64F1A0071C2B4 /* MasterViewController.swift */,
				055649031BB64F1A0071C2B4 /* DetailViewController.swift */,
				055649051BB64F1A0071C2B4 /* Main.storyboard */,
				055649081BB64F1A0071C2B4 /* Assets.xcassets */,
				0556490A1BB64F1A0071C2B4 /* LaunchScreen.storyboard */,
				0556490D1BB64F1A0071C2B4 /* Info.plist */,
			);
			path = Testing;
			sourceTree = "<group>";
		};
		055649151BB64F1A0071C2B4 /* TestingTests */ = {
			isa = PBXGroup;
			children = (
				055649161BB64F1A0071C2B4 /* TestingTests.swift */,
				055649181BB64F1A0071C2B4 /* Info.plist */,
			);
			path = TestingTests;
			sourceTree = "<group>";
		};
		055649201BB64F1A0071C2B4 /* TestingUITests */ = {
			isa = PBXGroup;
			children = (
				055649211BB64F1A0071C2B4 /* TestingUITests.swift */,
				055649231BB64F1A0071C2B4 /* Info.plist */,
			);
			path = TestingUITests;
			sourceTree = "<group>";
		};
/* End PBXGroup section */

/* Begin PBXNativeTarget section */
		055648FB1BB64F1A0071C2B4 /* Testing */ = {
			isa = PBXNativeTarget;
			buildConfigurationList = 055649261BB64F1A0071C2B4 /* Build configuration list for PBXNativeTarget "Testing" */;
			buildPhases = (
				055648F81BB64F1A0071C2B4 /* Sources */,
				055648F91BB64F1A0071C2B4 /* Frameworks */,
				055648FA1BB64F1A0071C2B4 /* Resources */,
			);
			buildRules = (
			);
			dependencies = (
			);
			name = Testing;
			productName = Testing;
			productReference = 055648FC1BB64F1A0071C2B4 /* Testing.app */;
			productType = "com.apple.product-type.application";
		};
		055649111BB64F1A0071C2B4 /* TestingTests */ = {
			isa = PBXNativeTarget;
			buildConfigurationList = 055649291BB64F1A0071C2B4 /* Build configuration list for PBXNativeTarget "TestingTests" */;
			buildPhases = (
				0556490E1BB64F1A0071C2B4 /* Sources */,
				0556490F1BB64F1A0071C2B4 /* Frameworks */,
				055649101BB64F1A0071C2B4 /* Resources */,
			);
			buildRules = (
			);
			dependencies = (
				055649141BB64F1A0071C2B4 /* PBXTargetDependency */,
			);
			name = TestingTests;
			productName = TestingTests;
			productReference = 055649121BB64F1A0071C2B4 /* TestingTests.xctest */;
			productType = "com.apple.product-type.bundle.unit-test";
		};
		0556491C1BB64F1A0071C2B4 /* TestingUITests */ = {
			isa = PBXNativeTarget;
			buildConfigurationList = 0556492C1BB64F1A0071C2B4 /* Build configuration list for PBXNativeTarget "TestingUITests" */;
			buildPhases = (
				055649191BB64F1A0071C2B4 /* Sources */,
				0556491A1BB64F1A0071C2B4 /* Frameworks */,
				0556491B1BB64F1A0071C2B4 /* Resources */,
			);
			buildRules = (
			);
			dependencies = (
				0556491F1BB64F1A0071C2B4 /* PBXTargetDependency */,
			);
			name = TestingUITests;
			productName = TestingUITests;
			productReference = 0556491D1BB64F1A0071C2B4 /* TestingUITests.xctest */;
			productType = "com.apple.product-type.bundle.ui-testing";
		};
/* End PBXNativeTarget section */

/* Begin PBXProject section */
		055648F41BB64F1A0071C2B4 /* Project object */ = {
			isa = PBXProject;
			attributes = {
				LastUpgradeCheck = 0700;
				ORGANIZATIONNAME = "Thanh Tran";
				TargetAttributes = {
					055648FB1BB64F1A0071C2B4 = {
						CreatedOnToolsVersion = 7.0;
					};
					055649111BB64F1A0071C2B4 = {
						CreatedOnToolsVersion = 7.0;
						TestTargetID = 055648FB1BB64F1A0071C2B4;
					};
					0556491C1BB64F1A0071C2B4 = {
						CreatedOnToolsVersion = 7.0;
						TestTargetID = 055648FB1BB64F1A0071C2B4;
					};
				};
			};
			buildConfigurationList = 055648F71BB64F1A0071C2B4 /* Build configuration list for PBXProject "Testing" */;
			compatibilityVersion = "Xcode 3.2";
			developmentRegion = English;
			hasScannedForEncodings = 0;
			knownRegions = (
				en,
				Base,
			);
			mainGroup = 055648F31BB64F1A0071C2B4;
			productRefGroup = 055648FD1BB64F1A0071C2B4 /* Products */;
			projectDirPath = "";
			projectRoot = "";
			targets = (
				055648FB1BB64F1A0071C2B4 /* Testing */,
				055649111BB64F1A0071C2B4 /* TestingTests */,
				0556491C1BB64F1A0071C2B4 /* TestingUITests */,
			);
		};
/* End PBXProject section */

/* Begin PBXResourcesBuildPhase section */
		055648FA1BB64F1A0071C2B4 /* Resources */ = {
			isa = PBXResourcesBuildPhase;
			buildActionMask = 2147483647;
			files = (
				0556490C1BB64F1A0071C2B4 /* LaunchScreen.storyboard in Resources */,
				055649091BB64F1A0071C2B4 /* Assets.xcassets in Resources */,
				055649071BB64F1A0071C2B4 /* Main.storyboard in Resources */,
			);
			runOnlyForDeploymentPostprocessing = 0;
		};
		055649101BB64F1A0071C2B4 /* Resources */ = {
			isa = PBXResourcesBuildPhase;
			buildActionMask = 2147483647;
			files = (
			);
			runOnlyForDeploymentPostprocessing = 0;
		};
		0556491B1BB64F1A0071C2B4 /* Resources */ = {
			isa = PBXResourcesBuildPhase;
			buildActionMask = 2147483647;
			files = (
			);
			runOnlyForDeploymentPostprocessing = 0;
		};
/* End PBXResourcesBuildPhase section */

/* Begin PBXSourcesBuildPhase section */
		055648F81BB64F1A0071C2B4 /* Sources */ = {
			isa = PBXSourcesBuildPhase;
			buildActionMask = 2147483647;
			files = (
				055649041BB64F1A0071C2B4 /* DetailViewController.swift in Sources */,
				055649021BB64F1A0071C2B4 /* MasterViewController.swift in Sources */,
				055649001BB64F1A0071C2B4 /* AppDelegate.swift in Sources */,
			);
			runOnlyForDeploymentPostprocessing = 0;
		};
		0556490E1BB64F1A0071C2B4 /* Sources */ = {
			isa = PBXSourcesBuildPhase;
			buildActionMask = 2147483647;
			files = (
				055649171BB64F1A0071C2B4 /* TestingTests.swift in Sources */,
			);
			runOnlyForDeploymentPostprocessing = 0;
		};
		055649191BB64F1A0071C2B4 /* Sources */ = {
			isa = PBXSourcesBuildPhase;
			buildActionMask = 2147483647;
			files = (
				055649221BB64F1A0071C2B4 /* TestingUITests.swift in Sources */,
			);
			runOnlyForDeploymentPostprocessing = 0;
		};
/* End PBXSourcesBuildPhase section */

/* Begin PBXTargetDependency section */
		055649141BB64F1A0071C2B4 /* PBXTargetDependency */ = {
			isa = PBXTargetDependency;
			target = 055648FB1BB64F1A0071C2B4 /* Testing */;
			targetProxy = 055649131BB64F1A0071C2B4 /* PBXContainerItemProxy */;
		};
		0556491F1BB64F1A0071C2B4 /* PBXTargetDependency */ = {
			isa = PBXTargetDependency;
			target = 055648FB1BB64F1A0071C2B4 /* Testing */;
			targetProxy = 0556491E1BB64F1A0071C2B4 /* PBXContainerItemProxy */;
		};
/* End PBXTargetDependency section */

/* Begin PBXVariantGroup section */
		055649051BB64F1A0071C2B4 /* Main.storyboard */ = {
			isa = PBXVariantGroup;
			children = (
				055649061BB64F1A0071C2B4 /* Base */,
			);
			name = Main.storyboard;
			sourceTree = "<group>";
		};
		0556490A1BB64F1A0071C2B4 /* LaunchScreen.storyboard */ = {
			isa = PBXVariantGroup;
			children = (
				0556490B1BB64F1A0071C2B4 /* Base */,
			);
			name = LaunchScreen.storyboard;
			sourceTree = "<group>";
		};
/* End PBXVariantGroup section */

/* Begin XCBuildConfiguration section */
		055649241BB64F1A0071C2B4 /* Debug */ = {
			isa = XCBuildConfiguration;
			buildSettings = {
				ALWAYS_SEARCH_USER_PATHS = NO;
				CLANG_CXX_LANGUAGE_STANDARD = "gnu++0x";
				CLANG_CXX_LIBRARY = "libc++";
				CLANG_ENABLE_MODULES = YES;
				CLANG_ENABLE_OBJC_ARC = YES;
				CLANG_WARN_BOOL_CONVERSION = YES;
				CLANG_WARN_CONSTANT_CONVERSION = YES;
				CLANG_WARN_DIRECT_OBJC_ISA_USAGE = YES_ERROR;
				CLANG_WARN_EMPTY_BODY = YES;
				CLANG_WARN_ENUM_CONVERSION = YES;
				CLANG_WARN_INT_CONVERSION = YES;
				CLANG_WARN_OBJC_ROOT_CLASS = YES_ERROR;
				CLANG_WARN_UNREACHABLE_CODE = YES;
				CLANG_WARN__DUPLICATE_METHOD_MATCH = YES;
				"CODE_SIGN_IDENTITY[sdk=iphoneos*]" = "iPhone Developer";
				COPY_PHASE_STRIP = NO;
				DEBUG_INFORMATION_FORMAT = dwarf;
				ENABLE_STRICT_OBJC_MSGSEND = YES;
				ENABLE_TESTABILITY = YES;
				GCC_C_LANGUAGE_STANDARD = gnu99;
				GCC_DYNAMIC_NO_PIC = NO;
				GCC_NO_COMMON_BLOCKS = YES;
				GCC_OPTIMIZATION_LEVEL = 0;
				GCC_PREPROCESSOR_DEFINITIONS = (
					"DEBUG=1",
					"$(inherited)",
				);
				GCC_WARN_64_TO_32_BIT_CONVERSION = YES;
				GCC_WARN_ABOUT_RETURN_TYPE = YES_ERROR;
				GCC_WARN_UNDECLARED_SELECTOR = YES;
				GCC_WARN_UNINITIALIZED_AUTOS = YES_AGGRESSIVE;
				GCC_WARN_UNUSED_FUNCTION = YES;
				GCC_WARN_UNUSED_VARIABLE = YES;
				IPHONEOS_DEPLOYMENT_TARGET = 9.0;
				MTL_ENABLE_DEBUG_INFO = YES;
				ONLY_ACTIVE_ARCH = YES;
				SDKROOT = iphoneos;
				SWIFT_OPTIMIZATION_LEVEL = "-Onone";
				TARGETED_DEVICE_FAMILY = "1,2";
			};
			name = Debug;
		};
		055649251BB64F1A0071C2B4 /* Release */ = {
			isa = XCBuildConfiguration;
			buildSettings = {
				ALWAYS_SEARCH_USER_PATHS = NO;
				CLANG_CXX_LANGUAGE_STANDARD = "gnu++0x";
				CLANG_CXX_LIBRARY = "libc++";
				CLANG_ENABLE_MODULES = YES;
				CLANG_ENABLE_OBJC_ARC = YES;
				CLANG_WARN_BOOL_CONVERSION = YES;
				CLANG_WARN_CONSTANT_CONVERSION = YES;
				CLANG_WARN_DIRECT_OBJC_ISA_USAGE = YES_ERROR;
				CLANG_WARN_EMPTY_BODY = YES;
				CLANG_WARN_ENUM_CONVERSION = YES;
				CLANG_WARN_INT_CONVERSION = YES;
				CLANG_WARN_OBJC_ROOT_CLASS = YES_ERROR;
				CLANG_WARN_UNREACHABLE_CODE = YES;
				CLANG_WARN__DUPLICATE_METHOD_MATCH = YES;
				"CODE_SIGN_IDENTITY[sdk=iphoneos*]" = "iPhone Developer";
				COPY_PHASE_STRIP = NO;
				DEBUG_INFORMATION_FORMAT = "dwarf-with-dsym";
				ENABLE_NS_ASSERTIONS = NO;
				ENABLE_STRICT_OBJC_MSGSEND = YES;
				GCC_C_LANGUAGE_STANDARD = gnu99;
				GCC_NO_COMMON_BLOCKS = YES;
				GCC_WARN_64_TO_32_BIT_CONVERSION = YES;
				GCC_WARN_ABOUT_RETURN_TYPE = YES_ERROR;
				GCC_WARN_UNDECLARED_SELECTOR = YES;
				GCC_WARN_UNINITIALIZED_AUTOS = YES_AGGRESSIVE;
				GCC_WARN_UNUSED_FUNCTION = YES;
				GCC_WARN_UNUSED_VARIABLE = YES;
				IPHONEOS_DEPLOYMENT_TARGET = 9.0;
				MTL_ENABLE_DEBUG_INFO = NO;
				SDKROOT = iphoneos;
				TARGETED_DEVICE_FAMILY = "1,2";
				VALIDATE_PRODUCT = YES;
			};
			name = Release;
		};
		055649271BB64F1A0071C2B4 /* Debug */ = {
			isa = XCBuildConfiguration;
			buildSettings = {
				ASSETCATALOG_COMPILER_APPICON_NAME = AppIcon;
				INFOPLIST_FILE = Testing/Info.plist;
				LD_RUNPATH_SEARCH_PATHS = "$(inherited) @executable_path/Frameworks";
				PRODUCT_BUNDLE_IDENTIFIER = Thanh.Testing;
				PRODUCT_NAME = "$(TARGET_NAME)";
			};
			name = Debug;
		};
		055649281BB64F1A0071C2B4 /* Release */ = {
			isa = XCBuildConfiguration;
			buildSettings = {
				ASSETCATALOG_COMPILER_APPICON_NAME = AppIcon;
				INFOPLIST_FILE = Testing/Info.plist;
				LD_RUNPATH_SEARCH_PATHS = "$(inherited) @executable_path/Frameworks";
				PRODUCT_BUNDLE_IDENTIFIER = Thanh.Testing;
				PRODUCT_NAME = "$(TARGET_NAME)";
			};
			name = Release;
		};
		0556492A1BB64F1A0071C2B4 /* Debug */ = {
			isa = XCBuildConfiguration;
			buildSettings = {
				BUNDLE_LOADER = "$(TEST_HOST)";
				INFOPLIST_FILE = TestingTests/Info.plist;
				LD_RUNPATH_SEARCH_PATHS = "$(inherited) @executable_path/Frameworks @loader_path/Frameworks";
				PRODUCT_BUNDLE_IDENTIFIER = Thanh.TestingTests;
				PRODUCT_NAME = "$(TARGET_NAME)";
				TEST_HOST = "$(BUILT_PRODUCTS_DIR)/Testing.app/Testing";
			};
			name = Debug;
		};
		0556492B1BB64F1A0071C2B4 /* Release */ = {
			isa = XCBuildConfiguration;
			buildSettings = {
				BUNDLE_LOADER = "$(TEST_HOST)";
				INFOPLIST_FILE = TestingTests/Info.plist;
				LD_RUNPATH_SEARCH_PATHS = "$(inherited) @executable_path/Frameworks @loader_path/Frameworks";
				PRODUCT_BUNDLE_IDENTIFIER = Thanh.TestingTests;
				PRODUCT_NAME = "$(TARGET_NAME)";
				TEST_HOST = "$(BUILT_PRODUCTS_DIR)/Testing.app/Testing";
			};
			name = Release;
		};
		0556492D1BB64F1A0071C2B4 /* Debug */ = {
			isa = XCBuildConfiguration;
			buildSettings = {
				INFOPLIST_FILE = TestingUITests/Info.plist;
				LD_RUNPATH_SEARCH_PATHS = "$(inherited) @executable_path/Frameworks @loader_path/Frameworks";
				PRODUCT_BUNDLE_IDENTIFIER = Thanh.TestingUITests;
				PRODUCT_NAME = "$(TARGET_NAME)";
				TEST_TARGET_NAME = Testing;
				USES_XCTRUNNER = YES;
			};
			name = Debug;
		};
		0556492E1BB64F1A0071C2B4 /* Release */ = {
			isa = XCBuildConfiguration;
			buildSettings = {
				INFOPLIST_FILE = TestingUITests/Info.plist;
				LD_RUNPATH_SEARCH_PATHS = "$(inherited) @executable_path/Frameworks @loader_path/Frameworks";
				PRODUCT_BUNDLE_IDENTIFIER = Thanh.TestingUITests;
				PRODUCT_NAME = "$(TARGET_NAME)";
				TEST_TARGET_NAME = Testing;
				USES_XCTRUNNER = YES;
			};
			name = Release;
		};
/* End XCBuildConfiguration section */

/* Begin XCConfigurationList section */
		055648F71BB64F1A0071C2B4 /* Build configuration list for PBXProject "Testing" */ = {
			isa = XCConfigurationList;
			buildConfigurations = (
				055649241BB64F1A0071C2B4 /* Debug */,
				055649251BB64F1A0071C2B4 /* Release */,
			);
			defaultConfigurationIsVisible = 0;
			defaultConfigurationName = Release;
		};
		055649261BB64F1A0071C2B4 /* Build configuration list for PBXNativeTarget "Testing" */ = {
			isa = XCConfigurationList;
			buildConfigurations = (
				055649271BB64F1A0071C2B4 /* Debug */,
				055649281BB64F1A0071C2B4 /* Release */,
			);
			defaultConfigurationIsVisible = 0;
		};
		055649291BB64F1A0071C2B4 /* Build configuration list for PBXNativeTarget "TestingTests" */ = {
			isa = XCConfigurationList;
			buildConfigurations = (
				0556492A1BB64F1A0071C2B4 /* Debug */,
				0556492B1BB64F1A0071C2B4 /* Release */,
			);
			defaultConfigurationIsVisible = 0;
		};
		0556492C1BB64F1A0071C2B4 /* Build configuration list for PBXNativeTarget "TestingUITests" */ = {
			isa = XCConfigurationList;
			buildConfigurations = (
				0556492D1BB64F1A0071C2B4 /* Debug */,
				0556492E1BB64F1A0071C2B4 /* Release */,
			);
			defaultConfigurationIsVisible = 0;
		};
/* End XCConfigurationList section */
	};
	rootObject = 055648F41BB64F1A0071C2B4 /* Project object */;
}
